
Microsoft Visual Studio Solution File, Format Version 12.00
# Visual Studio Version 17
VisualStudioVersion = 17.9.34723.18
MinimumVisualStudioVersion = 10.0.40219.1
Project("{9A19103F-16F7-4668-BE54-9A1E7A4F7556}") = "ServicePriceTickerView", "ServicePriceTickerView\ServicePriceTickerView.csproj", "{94886626-C1F0-4147-9E29-80A0DE5C9168}"
EndProject
Project("{9A19103F-16F7-4668-BE54-9A1E7A4F7556}") = "SimpleTestClient", "SimpleTestClient\SimpleTestClient.csproj", "{A17E8872-C0AB-4079-915D-C62D9ED57E0E}"
EndProject
Project("{FAE04EC0-301F-11D3-BF4B-00C04F79EFBC}") = "ServicePriceTickerViewTests", "ServicePriceTickerViewTests\ServicePriceTickerViewTests.csproj", "{629C2A5A-EE9E-413F-A99A-5E65CF2DD726}"
EndProject
Global
	GlobalSection(SolutionConfigurationPlatforms) = preSolution
		Debug|Any CPU = Debug|Any CPU
		Release|Any CPU = Release|Any CPU
	EndGlobalSection
	GlobalSection(ProjectConfigurationPlatforms) = postSolution
		{94886626-C1F0-4147-9E29-80A0DE5C9168}.Debug|Any CPU.ActiveCfg = Debug|Any CPU
		{94886626-C1F0-4147-9E29-80A0DE5C9168}.Debug|Any CPU.Build.0 = Debug|Any CPU
		{94886626-C1F0-4147-9E29-80A0DE5C9168}.Release|Any CPU.ActiveCfg = Release|Any CPU
		{94886626-C1F0-4147-9E29-80A0DE5C9168}.Release|Any CPU.Build.0 = Release|Any CPU
		{A17E8872-C0AB-4079-915D-C62D9ED57E0E}.Debug|Any CPU.ActiveCfg = Debug|Any CPU
		{A17E8872-C0AB-4079-915D-C62D9ED57E0E}.Debug|Any CPU.Build.0 = Debug|Any CPU
		{A17E8872-C0AB-4079-915D-C62D9ED57E0E}.Release|Any CPU.ActiveCfg = Release|Any CPU
		{A17E8872-C0AB-4079-915D-C62D9ED57E0E}.Release|Any CPU.Build.0 = Release|Any CPU
		{629C2A5A-EE9E-413F-A99A-5E65CF2DD726}.Debug|Any CPU.ActiveCfg = Debug|Any CPU
		{629C2A5A-EE9E-413F-A99A-5E65CF2DD726}.Debug|Any CPU.Build.0 = Debug|Any CPU
		{629C2A5A-EE9E-413F-A99A-5E65CF2DD726}.Release|Any CPU.ActiveCfg = Release|Any CPU
		{629C2A5A-EE9E-413F-A99A-5E65CF2DD726}.Release|Any CPU.Build.0 = Release|Any CPU
	EndGlobalSection
	GlobalSection(SolutionProperties) = preSolution
		HideSolutionNode = FALSE
	EndGlobalSection
	GlobalSection(ExtensibilityGlobals) = postSolution
		SolutionGuid = {30CAC22B-25BF-4994-8485-D0580DED2768}
	EndGlobalSection
EndGlobal
